
Microsoft Visual Studio Solution File, Format Version 12.00
# Visual Studio Version 16
VisualStudioVersion = 16.0.31605.320
MinimumVisualStudioVersion = 10.0.40219.1
Project("{FAE04EC0-301F-11D3-BF4B-00C04F79EFBC}") = "AzureStorage_test_API", "AzureStorage_test_API\AzureStorage_test_API.csproj", "{0E22D419-AA6B-454C-A1C7-71E2EEFDC95E}"
EndProject
Global
	GlobalSection(SolutionConfigurationPlatforms) = preSolution
		Debug|Any CPU = Debug|Any CPU
		Release|Any CPU = Release|Any CPU
	EndGlobalSection
	GlobalSection(ProjectConfigurationPlatforms) = postSolution
		{0E22D419-AA6B-454C-A1C7-71E2EEFDC95E}.Debug|Any CPU.ActiveCfg = Debug|Any CPU
		{0E22D419-AA6B-454C-A1C7-71E2EEFDC95E}.Debug|Any CPU.Build.0 = Debug|Any CPU
		{0E22D419-AA6B-454C-A1C7-71E2EEFDC95E}.Release|Any CPU.ActiveCfg = Release|Any CPU
		{0E22D419-AA6B-454C-A1C7-71E2EEFDC95E}.Release|Any CPU.Build.0 = Release|Any CPU
	EndGlobalSection
	GlobalSection(SolutionProperties) = preSolution
		HideSolutionNode = FALSE
	EndGlobalSection
	GlobalSection(ExtensibilityGlobals) = postSolution
		SolutionGuid = {42474275-7F05-4966-A5EE-D6E80E35A699}
	EndGlobalSection
EndGlobal
